
Microsoft Visual Studio Solution File, Format Version 12.00
# Visual Studio Version 16
VisualStudioVersion = 16.0.31702.278
MinimumVisualStudioVersion = 10.0.40219.1
Project("{8BC9CEB8-8B4A-11D0-8D11-00A0C91BC942}") = "employe02.03", "employe02.03\employe02.03.vcxproj", "{8EEAE34B-DEE6-4DED-8E0F-6410993D95F4}"
EndProject
Global
	GlobalSection(SolutionConfigurationPlatforms) = preSolution
		Debug|x64 = Debug|x64
		Debug|x86 = Debug|x86
		Release|x64 = Release|x64
		Release|x86 = Release|x86
	EndGlobalSection
	GlobalSection(ProjectConfigurationPlatforms) = postSolution
		{8EEAE34B-DEE6-4DED-8E0F-6410993D95F4}.Debug|x64.ActiveCfg = Debug|x64
		{8EEAE34B-DEE6-4DED-8E0F-6410993D95F4}.Debug|x64.Build.0 = Debug|x64
		{8EEAE34B-DEE6-4DED-8E0F-6410993D95F4}.Debug|x86.ActiveCfg = Debug|Win32
		{8EEAE34B-DEE6-4DED-8E0F-6410993D95F4}.Debug|x86.Build.0 = Debug|Win32
		{8EEAE34B-DEE6-4DED-8E0F-6410993D95F4}.Release|x64.ActiveCfg = Release|x64
		{8EEAE34B-DEE6-4DED-8E0F-6410993D95F4}.Release|x64.Build.0 = Release|x64
		{8EEAE34B-DEE6-4DED-8E0F-6410993D95F4}.Release|x86.ActiveCfg = Release|Win32
		{8EEAE34B-DEE6-4DED-8E0F-6410993D95F4}.Release|x86.Build.0 = Release|Win32
	EndGlobalSection
	GlobalSection(SolutionProperties) = preSolution
		HideSolutionNode = FALSE
	EndGlobalSection
	GlobalSection(ExtensibilityGlobals) = postSolution
		SolutionGuid = {708845A6-F1DC-456E-8D64-08E0FBA0E58E}
	EndGlobalSection
EndGlobal
